// !$*UTF8*$!
{
	archiveVersion = 1;
	classes = {
	};
	objectVersion = 46;
	objects = {

/* Begin PBXBuildFile section */
		9771AA111EF4C33500A994BE /* AppDelegate.swift in Sources */ = {isa = PBXBuildFile; fileRef = 9771AA101EF4C33500A994BE /* AppDelegate.swift */; };
		9771AA131EF4C33500A994BE /* ViewController.swift in Sources */ = {isa = PBXBuildFile; fileRef = 9771AA121EF4C33500A994BE /* ViewController.swift */; };
		9771AA161EF4C33500A994BE /* Main.storyboard in Resources */ = {isa = PBXBuildFile; fileRef = 9771AA141EF4C33500A994BE /* Main.storyboard */; };
		9771AA181EF4C33500A994BE /* Assets.xcassets in Resources */ = {isa = PBXBuildFile; fileRef = 9771AA171EF4C33500A994BE /* Assets.xcassets */; };
		9771AA1B1EF4C33500A994BE /* LaunchScreen.storyboard in Resources */ = {isa = PBXBuildFile; fileRef = 9771AA191EF4C33500A994BE /* LaunchScreen.storyboard */; };
		9771AA231EF4C54B00A994BE /* QRCodeGenerateController.swift in Sources */ = {isa = PBXBuildFile; fileRef = 9771AA221EF4C54B00A994BE /* QRCodeGenerateController.swift */; };
		9771AA251EF4C55B00A994BE /* QRCodeScanController.swift in Sources */ = {isa = PBXBuildFile; fileRef = 9771AA241EF4C55B00A994BE /* QRCodeScanController.swift */; };
		97AF65AD1F4D372D00C28909 /* QRCodeDetectController.swift in Sources */ = {isa = PBXBuildFile; fileRef = 97AF65AC1F4D372D00C28909 /* QRCodeDetectController.swift */; };
/* End PBXBuildFile section */

/* Begin PBXFileReference section */
		9771AA0D1EF4C33500A994BE /* ORCode.app */ = {isa = PBXFileReference; explicitFileType = wrapper.application; includeInIndex = 0; path = ORCode.app; sourceTree = BUILT_PRODUCTS_DIR; };
		9771AA101EF4C33500A994BE /* AppDelegate.swift */ = {isa = PBXFileReference; lastKnownFileType = sourcecode.swift; path = AppDelegate.swift; sourceTree = "<group>"; };
		9771AA121EF4C33500A994BE /* ViewController.swift */ = {isa = PBXFileReference; lastKnownFileType = sourcecode.swift; path = ViewController.swift; sourceTree = "<group>"; };
		9771AA151EF4C33500A994BE /* Base */ = {isa = PBXFileReference; lastKnownFileType = file.storyboard; name = Base; path = Base.lproj/Main.storyboard; sourceTree = "<group>"; };
		9771AA171EF4C33500A994BE /* Assets.xcassets */ = {isa = PBXFileReference; lastKnownFileType = folder.assetcatalog; path = Assets.xcassets; sourceTree = "<group>"; };
		9771AA1A1EF4C33500A994BE /* Base */ = {isa = PBXFileReference; lastKnownFileType = file.storyboard; name = Base; path = Base.lproj/LaunchScreen.storyboard; sourceTree = "<group>"; };
		9771AA1C1EF4C33500A994BE /* Info.plist */ = {isa = PBXFileReference; lastKnownFileType = text.plist.xml; path = Info.plist; sourceTree = "<group>"; };
		9771AA221EF4C54B00A994BE /* QRCodeGenerateController.swift */ = {isa = PBXFileReference; fileEncoding = 4; lastKnownFileType = sourcecode.swift; path = QRCodeGenerateController.swift; sourceTree = "<group>"; };
		9771AA241EF4C55B00A994BE /* QRCodeScanController.swift */ = {isa = PBXFileReference; fileEncoding = 4; lastKnownFileType = sourcecode.swift; path = QRCodeScanController.swift; sourceTree = "<group>"; };
		97AF65AC1F4D372D00C28909 /* QRCodeDetectController.swift */ = {isa = PBXFileReference; fileEncoding = 4; lastKnownFileType = sourcecode.swift; path = QRCodeDetectController.swift; sourceTree = "<group>"; };
/* End PBXFileReference section */

/* Begin PBXFrameworksBuildPhase section */
		9771AA0A1EF4C33500A994BE /* Frameworks */ = {
			isa = PBXFrameworksBuildPhase;
			buildActionMask = 2147483647;
			files = (
			);
			runOnlyForDeploymentPostprocessing = 0;
		};
/* End PBXFrameworksBuildPhase section */

/* Begin PBXGroup section */
		9771AA041EF4C33500A994BE = {
			isa = PBXGroup;
			children = (
				9771AA0F1EF4C33500A994BE /* ORCode */,
				9771AA0E1EF4C33500A994BE /* Products */,
			);
			sourceTree = "<group>";
		};
		9771AA0E1EF4C33500A994BE /* Products */ = {
			isa = PBXGroup;
			children = (
				9771AA0D1EF4C33500A994BE /* ORCode.app */,
			);
			name = Products;
			sourceTree = "<group>";
		};
		9771AA0F1EF4C33500A994BE /* ORCode */ = {
			isa = PBXGroup;
			children = (
				9771AA101EF4C33500A994BE /* AppDelegate.swift */,
				9771AA121EF4C33500A994BE /* ViewController.swift */,
				9771AA241EF4C55B00A994BE /* QRCodeScanController.swift */,
				9771AA221EF4C54B00A994BE /* QRCodeGenerateController.swift */,
				97AF65AC1F4D372D00C28909 /* QRCodeDetectController.swift */,
				9771AA141EF4C33500A994BE /* Main.storyboard */,
				9771AA171EF4C33500A994BE /* Assets.xcassets */,
				9771AA191EF4C33500A994BE /* LaunchScreen.storyboard */,
				9771AA1C1EF4C33500A994BE /* Info.plist */,
			);
			path = ORCode;
			sourceTree = "<group>";
		};
/* End PBXGroup section */

/* Begin PBXNativeTarget section */
		9771AA0C1EF4C33500A994BE /* ORCode */ = {
			isa = PBXNativeTarget;
			buildConfigurationList = 9771AA1F1EF4C33500A994BE /* Build configuration list for PBXNativeTarget "ORCode" */;
			buildPhases = (
				9771AA091EF4C33500A994BE /* Sources */,
				9771AA0A1EF4C33500A994BE /* Frameworks */,
				9771AA0B1EF4C33500A994BE /* Resources */,
			);
			buildRules = (
			);
			dependencies = (
			);
			name = ORCode;
			productName = ORCode;
			productReference = 9771AA0D1EF4C33500A994BE /* ORCode.app */;
			productType = "com.apple.product-type.application";
		};
/* End PBXNativeTarget section */

/* Begin PBXProject section */
		9771AA051EF4C33500A994BE /* Project object */ = {
			isa = PBXProject;
			attributes = {
				LastSwiftUpdateCheck = 0830;
				LastUpgradeCheck = 0830;
				ORGANIZATIONNAME = lixiangzhou;
				TargetAttributes = {
					9771AA0C1EF4C33500A994BE = {
						CreatedOnToolsVersion = 8.3;
						DevelopmentTeam = N33WL6ABHF;
						ProvisioningStyle = Automatic;
					};
				};
			};
			buildConfigurationList = 9771AA081EF4C33500A994BE /* Build configuration list for PBXProject "ORCode" */;
			compatibilityVersion = "Xcode 3.2";
			developmentRegion = English;
			hasScannedForEncodings = 0;
			knownRegions = (
				en,
				Base,
			);
			mainGroup = 9771AA041EF4C33500A994BE;
			productRefGroup = 9771AA0E1EF4C33500A994BE /* Products */;
			projectDirPath = "";
			projectRoot = "";
			targets = (
				9771AA0C1EF4C33500A994BE /* ORCode */,
			);
		};
/* End PBXProject section */

/* Begin PBXResourcesBuildPhase section */
		9771AA0B1EF4C33500A994BE /* Resources */ = {
			isa = PBXResourcesBuildPhase;
			buildActionMask = 2147483647;
			files = (
				9771AA1B1EF4C33500A994BE /* LaunchScreen.storyboard in Resources */,
				9771AA181EF4C33500A994BE /* Assets.xcassets in Resources */,
				9771AA161EF4C33500A994BE /* Main.storyboard in Resources */,
			);
			runOnlyForDeploymentPostprocessing = 0;
		};
/* End PBXResourcesBuildPhase section */

/* Begin PBXSourcesBuildPhase section */
		9771AA091EF4C33500A994BE /* Sources */ = {
			isa = PBXSourcesBuildPhase;
			buildActionMask = 2147483647;
			files = (
				9771AA251EF4C55B00A994BE /* QRCodeScanController.swift in Sources */,
				97AF65AD1F4D372D00C28909 /* QRCodeDetectController.swift in Sources */,
				9771AA131EF4C33500A994BE /* ViewController.swift in Sources */,
				9771AA111EF4C33500A994BE /* AppDelegate.swift in Sources */,
				9771AA231EF4C54B00A994BE /* QRCodeGenerateController.swift in Sources */,
			);
			runOnlyForDeploymentPostprocessing = 0;
		};
/* End PBXSourcesBuildPhase section */

/* Begin PBXVariantGroup section */
		9771AA141EF4C33500A994BE /* Main.storyboard */ = {
			isa = PBXVariantGroup;
			children = (
				9771AA151EF4C33500A994BE /* Base */,
			);
			name = Main.storyboard;
			sourceTree = "<group>";
		};
		9771AA191EF4C33500A994BE /* LaunchScreen.storyboard */ = {
			isa = PBXVariantGroup;
			children = (
				9771AA1A1EF4C33500A994BE /* Base */,
			);
			name = LaunchScreen.storyboard;
			sourceTree = "<group>";
		};
/* End PBXVariantGroup section */

/* Begin XCBuildConfiguration section */
		9771AA1D1EF4C33500A994BE /* Debug */ = {
			isa = XCBuildConfiguration;
			buildSettings = {
				ALWAYS_SEARCH_USER_PATHS = NO;
				CLANG_ANALYZER_NONNULL = YES;
				CLANG_ANALYZER_NUMBER_OBJECT_CONVERSION = YES_AGGRESSIVE;
				CLANG_CXX_LANGUAGE_STANDARD = "gnu++0x";
				CLANG_CXX_LIBRARY = "libc++";
				CLANG_ENABLE_MODULES = YES;
				CLANG_ENABLE_OBJC_ARC = YES;
				CLANG_WARN_BOOL_CONVERSION = YES;
				CLANG_WARN_CONSTANT_CONVERSION = YES;
				CLANG_WARN_DIRECT_OBJC_ISA_USAGE = YES_ERROR;
				CLANG_WARN_DOCUMENTATION_COMMENTS = YES;
				CLANG_WARN_EMPTY_BODY = YES;
				CLANG_WARN_ENUM_CONVERSION = YES;
				CLANG_WARN_INFINITE_RECURSION = YES;
				CLANG_WARN_INT_CONVERSION = YES;
				CLANG_WARN_OBJC_ROOT_CLASS = YES_ERROR;
				CLANG_WARN_SUSPICIOUS_MOVE = YES;
				CLANG_WARN_UNREACHABLE_CODE = YES;
				CLANG_WARN__DUPLICATE_METHOD_MATCH = YES;
				"CODE_SIGN_IDENTITY[sdk=iphoneos*]" = "iPhone Developer";
				COPY_PHASE_STRIP = NO;
				DEBUG_INFORMATION_FORMAT = dwarf;
				ENABLE_STRICT_OBJC_MSGSEND = YES;
				ENABLE_TESTABILITY = YES;
				GCC_C_LANGUAGE_STANDARD = gnu99;
				GCC_DYNAMIC_NO_PIC = NO;
				GCC_NO_COMMON_BLOCKS = YES;
				GCC_OPTIMIZATION_LEVEL = 0;
				GCC_PREPROCESSOR_DEFINITIONS = (
					"DEBUG=1",
					"$(inherited)",
				);
				GCC_WARN_64_TO_32_BIT_CONVERSION = YES;
				GCC_WARN_ABOUT_RETURN_TYPE = YES_ERROR;
				GCC_WARN_UNDECLARED_SELECTOR = YES;
				GCC_WARN_UNINITIALIZED_AUTOS = YES_AGGRESSIVE;
				GCC_WARN_UNUSED_FUNCTION = YES;
				GCC_WARN_UNUSED_VARIABLE = YES;
				IPHONEOS_DEPLOYMENT_TARGET = 10.3;
				MTL_ENABLE_DEBUG_INFO = YES;
				ONLY_ACTIVE_ARCH = YES;
				SDKROOT = iphoneos;
				SWIFT_ACTIVE_COMPILATION_CONDITIONS = DEBUG;
				SWIFT_OPTIMIZATION_LEVEL = "-Onone";
				TARGETED_DEVICE_FAMILY = "1,2";
			};
			name = Debug;
		};
		9771AA1E1EF4C33500A994BE /* Release */ = {
			isa = XCBuildConfiguration;
			buildSettings = {
				ALWAYS_SEARCH_USER_PATHS = NO;
				CLANG_ANALYZER_NONNULL = YES;
				CLANG_ANALYZER_NUMBER_OBJECT_CONVERSION = YES_AGGRESSIVE;
				CLANG_CXX_LANGUAGE_STANDARD = "gnu++0x";
				CLANG_CXX_LIBRARY = "libc++";
				CLANG_ENABLE_MODULES = YES;
				CLANG_ENABLE_OBJC_ARC = YES;
				CLANG_WARN_BOOL_CONVERSION = YES;
				CLANG_WARN_CONSTANT_CONVERSION = YES;
				CLANG_WARN_DIRECT_OBJC_ISA_USAGE = YES_ERROR;
				CLANG_WARN_DOCUMENTATION_COMMENTS = YES;
				CLANG_WARN_EMPTY_BODY = YES;
				CLANG_WARN_ENUM_CONVERSION = YES;
				CLANG_WARN_INFINITE_RECURSION = YES;
				CLANG_WARN_INT_CONVERSION = YES;
				CLANG_WARN_OBJC_ROOT_CLASS = YES_ERROR;
				CLANG_WARN_SUSPICIOUS_MOVE = YES;
				CLANG_WARN_UNREACHABLE_CODE = YES;
				CLANG_WARN__DUPLICATE_METHOD_MATCH = YES;
				"CODE_SIGN_IDENTITY[sdk=iphoneos*]" = "iPhone Developer";
				COPY_PHASE_STRIP = NO;
				DEBUG_INFORMATION_FORMAT = "dwarf-with-dsym";
				ENABLE_NS_ASSERTIONS = NO;
				ENABLE_STRICT_OBJC_MSGSEND = YES;
				GCC_C_LANGUAGE_STANDARD = gnu99;
				GCC_NO_COMMON_BLOCKS = YES;
				GCC_WARN_64_TO_32_BIT_CONVERSION = YES;
				GCC_WARN_ABOUT_RETURN_TYPE = YES_ERROR;
				GCC_WARN_UNDECLARED_SELECTOR = YES;
				GCC_WARN_UNINITIALIZED_AUTOS = YES_AGGRESSIVE;
				GCC_WARN_UNUSED_FUNCTION = YES;
				GCC_WARN_UNUSED_VARIABLE = YES;
				IPHONEOS_DEPLOYMENT_TARGET = 10.3;
				MTL_ENABLE_DEBUG_INFO = NO;
				SDKROOT = iphoneos;
				SWIFT_OPTIMIZATION_LEVEL = "-Owholemodule";
				TARGETED_DEVICE_FAMILY = "1,2";
				VALIDATE_PRODUCT = YES;
			};
			name = Release;
		};
		9771AA201EF4C33500A994BE /* Debug */ = {
			isa = XCBuildConfiguration;
			buildSettings = {
				ASSETCATALOG_COMPILER_APPICON_NAME = AppIcon;
				DEVELOPMENT_TEAM = N33WL6ABHF;
				INFOPLIST_FILE = ORCode/Info.plist;
				IPHONEOS_DEPLOYMENT_TARGET = 10.0;
				LD_RUNPATH_SEARCH_PATHS = "$(inherited) @executable_path/Frameworks";
				PRODUCT_BUNDLE_IDENTIFIER = com.zz.ORCode;
				PRODUCT_NAME = "$(TARGET_NAME)";
				SWIFT_VERSION = 3.0;
			};
			name = Debug;
		};
		9771AA211EF4C33500A994BE /* Release */ = {
			isa = XCBuildConfiguration;
			buildSettings = {
				ASSETCATALOG_COMPILER_APPICON_NAME = AppIcon;
				DEVELOPMENT_TEAM = N33WL6ABHF;
				INFOPLIST_FILE = ORCode/Info.plist;
				IPHONEOS_DEPLOYMENT_TARGET = 10.0;
				LD_RUNPATH_SEARCH_PATHS = "$(inherited) @executable_path/Frameworks";
				PRODUCT_BUNDLE_IDENTIFIER = com.zz.ORCode;
				PRODUCT_NAME = "$(TARGET_NAME)";
				SWIFT_VERSION = 3.0;
			};
			name = Release;
		};
/* End XCBuildConfiguration section */

/* Begin XCConfigurationList section */
		9771AA081EF4C33500A994BE /* Build configuration list for PBXProject "ORCode" */ = {
			isa = XCConfigurationList;
			buildConfigurations = (
				9771AA1D1EF4C33500A994BE /* Debug */,
				9771AA1E1EF4C33500A994BE /* Release */,
			);
			defaultConfigurationIsVisible = 0;
			defaultConfigurationName = Release;
		};
		9771AA1F1EF4C33500A994BE /* Build configuration list for PBXNativeTarget "ORCode" */ = {
			isa = XCConfigurationList;
			buildConfigurations = (
				9771AA201EF4C33500A994BE /* Debug */,
				9771AA211EF4C33500A994BE /* Release */,
			);
			defaultConfigurationIsVisible = 0;
			defaultConfigurationName = Release;
		};
/* End XCConfigurationList section */
	};
	rootObject = 9771AA051EF4C33500A994BE /* Project object */;
}
